// !$*UTF8*$!
{
	archiveVersion = 1;
	classes = {
	};
	objectVersion = 46;
	objects = {

/* Begin PBXBuildFile section */
		3E17BF5118639295001B32F8 /* MSCellAccessory.m in Sources */ = {isa = PBXBuildFile; fileRef = 3E17BF4E18639295001B32F8 /* MSCellAccessory.m */; };
		3E17BF5218639295001B32F8 /* UIView+AccessViewController.m in Sources */ = {isa = PBXBuildFile; fileRef = 3E17BF5018639295001B32F8 /* UIView+AccessViewController.m */; };
		3E342A15189314ED004C262A /* Room.m in Sources */ = {isa = PBXBuildFile; fileRef = 3E342A14189314ED004C262A /* Room.m */; };
		3E342A18189314FA004C262A /* Post.m in Sources */ = {isa = PBXBuildFile; fileRef = 3E342A17189314FA004C262A /* Post.m */; };
		3E342A1B18931510004C262A /* User.m in Sources */ = {isa = PBXBuildFile; fileRef = 3E342A1A18931510004C262A /* User.m */; };
		3E45088218A0127400CD7AE2 /* loading_screen.png in Resources */ = {isa = PBXBuildFile; fileRef = 3E45088118A0127400CD7AE2 /* loading_screen.png */; };
		3E45088518A0448B00CD7AE2 /* 905-chat-2.png in Resources */ = {isa = PBXBuildFile; fileRef = 3E45088318A0448B00CD7AE2 /* 905-chat-2.png */; };
		3E45088618A0448B00CD7AE2 /* 905-chat-2@2x.png in Resources */ = {isa = PBXBuildFile; fileRef = 3E45088418A0448B00CD7AE2 /* 905-chat-2@2x.png */; };
		3E45088918A046B300CD7AE2 /* 974-users.png in Resources */ = {isa = PBXBuildFile; fileRef = 3E45088718A046B300CD7AE2 /* 974-users.png */; };
		3E45088A18A046B300CD7AE2 /* 974-users@2x.png in Resources */ = {isa = PBXBuildFile; fileRef = 3E45088818A046B300CD7AE2 /* 974-users@2x.png */; };
		3E45088D18A0475D00CD7AE2 /* 1099-list-1.png in Resources */ = {isa = PBXBuildFile; fileRef = 3E45088B18A0475D00CD7AE2 /* 1099-list-1.png */; };
		3E45088E18A0475D00CD7AE2 /* 1099-list-1@2x.png in Resources */ = {isa = PBXBuildFile; fileRef = 3E45088C18A0475D00CD7AE2 /* 1099-list-1@2x.png */; };
		3E45089918A0491700CD7AE2 /* 910-graph.png in Resources */ = {isa = PBXBuildFile; fileRef = 3E45089718A0491700CD7AE2 /* 910-graph.png */; };
		3E45089A18A0491700CD7AE2 /* 910-graph@2x.png in Resources */ = {isa = PBXBuildFile; fileRef = 3E45089818A0491700CD7AE2 /* 910-graph@2x.png */; };
		3E45089C18A0494D00CD7AE2 /* 945-radar@2x.png in Resources */ = {isa = PBXBuildFile; fileRef = 3E45089B18A0494D00CD7AE2 /* 945-radar@2x.png */; };
		3E45089E18A0495300CD7AE2 /* 945-radar.png in Resources */ = {isa = PBXBuildFile; fileRef = 3E45089D18A0495300CD7AE2 /* 945-radar.png */; };
		3E4508A118A05E3500CD7AE2 /* 1096-direction-arrow copy.png in Resources */ = {isa = PBXBuildFile; fileRef = 3E45089F18A05E3500CD7AE2 /* 1096-direction-arrow copy.png */; };
		3E4508A218A05E3500CD7AE2 /* 1096-direction-arrow@2x copy.png in Resources */ = {isa = PBXBuildFile; fileRef = 3E4508A018A05E3500CD7AE2 /* 1096-direction-arrow@2x copy.png */; };
		3E4508A618A0678300CD7AE2 /* backArrow2.png in Resources */ = {isa = PBXBuildFile; fileRef = 3E4508A518A0678300CD7AE2 /* backArrow2.png */; };
		3E5B86E0183711870017E2BE /* Foundation.framework in Frameworks */ = {isa = PBXBuildFile; fileRef = 3E5B86DF183711870017E2BE /* Foundation.framework */; };
		3E5B86E2183711870017E2BE /* CoreGraphics.framework in Frameworks */ = {isa = PBXBuildFile; fileRef = 3E5B86E1183711870017E2BE /* CoreGraphics.framework */; };
		3E5B86E4183711870017E2BE /* UIKit.framework in Frameworks */ = {isa = PBXBuildFile; fileRef = 3E5B86E3183711870017E2BE /* UIKit.framework */; };
		3E5B86EA183711870017E2BE /* InfoPlist.strings in Resources */ = {isa = PBXBuildFile; fileRef = 3E5B86E8183711870017E2BE /* InfoPlist.strings */; };
		3E5B86EC183711870017E2BE /* main.m in Sources */ = {isa = PBXBuildFile; fileRef = 3E5B86EB183711870017E2BE /* main.m */; };
		3E5B86F0183711870017E2BE /* AppDelegate.m in Sources */ = {isa = PBXBuildFile; fileRef = 3E5B86EF183711870017E2BE /* AppDelegate.m */; };
		3E5B86F3183711870017E2BE /* Main.storyboard in Resources */ = {isa = PBXBuildFile; fileRef = 3E5B86F1183711870017E2BE /* Main.storyboard */; };
		3E5B86F8183711870017E2BE /* Images.xcassets in Resources */ = {isa = PBXBuildFile; fileRef = 3E5B86F7183711870017E2BE /* Images.xcassets */; };
		3E5B86FF183711870017E2BE /* XCTest.framework in Frameworks */ = {isa = PBXBuildFile; fileRef = 3E5B86FE183711870017E2BE /* XCTest.framework */; };
		3E5B8700183711870017E2BE /* Foundation.framework in Frameworks */ = {isa = PBXBuildFile; fileRef = 3E5B86DF183711870017E2BE /* Foundation.framework */; };
		3E5B8701183711870017E2BE /* UIKit.framework in Frameworks */ = {isa = PBXBuildFile; fileRef = 3E5B86E3183711870017E2BE /* UIKit.framework */; };
		3E5B8709183711870017E2BE /* InfoPlist.strings in Resources */ = {isa = PBXBuildFile; fileRef = 3E5B8707183711870017E2BE /* InfoPlist.strings */; };
		3E5B870B183711870017E2BE /* trashTalkersTests.m in Sources */ = {isa = PBXBuildFile; fileRef = 3E5B870A183711870017E2BE /* trashTalkersTests.m */; };
		3E5B8716183712000017E2BE /* SportsViewController.m in Sources */ = {isa = PBXBuildFile; fileRef = 3E5B8715183712000017E2BE /* SportsViewController.m */; };
		3E5B871A183714190017E2BE /* AudioToolbox.framework in Frameworks */ = {isa = PBXBuildFile; fileRef = 3E5B8719183714190017E2BE /* AudioToolbox.framework */; };
		3E5B8722183714510017E2BE /* CFNetwork.framework in Frameworks */ = {isa = PBXBuildFile; fileRef = 3E5B871B183714510017E2BE /* CFNetwork.framework */; };
		3E5B8723183714510017E2BE /* CoreLocation.framework in Frameworks */ = {isa = PBXBuildFile; fileRef = 3E5B871C183714510017E2BE /* CoreLocation.framework */; };
		3E5B8724183714510017E2BE /* libz.1.1.3.dylib in Frameworks */ = {isa = PBXBuildFile; fileRef = 3E5B871D183714510017E2BE /* libz.1.1.3.dylib */; };
		3E5B8725183714510017E2BE /* MobileCoreServices.framework in Frameworks */ = {isa = PBXBuildFile; fileRef = 3E5B871E183714510017E2BE /* MobileCoreServices.framework */; };
		3E5B8726183714510017E2BE /* QuartzCore.framework in Frameworks */ = {isa = PBXBuildFile; fileRef = 3E5B871F183714510017E2BE /* QuartzCore.framework */; };
		3E5B8727183714510017E2BE /* Security.framework in Frameworks */ = {isa = PBXBuildFile; fileRef = 3E5B8720183714510017E2BE /* Security.framework */; };
		3E5B8728183714510017E2BE /* StoreKit.framework in Frameworks */ = {isa = PBXBuildFile; fileRef = 3E5B8721183714510017E2BE /* StoreKit.framework */; };
		3E5B872A1837145B0017E2BE /* SystemConfiguration.framework in Frameworks */ = {isa = PBXBuildFile; fileRef = 3E5B87291837145B0017E2BE /* SystemConfiguration.framework */; };
		3E5B872C183714E40017E2BE /* Parse.framework in Frameworks */ = {isa = PBXBuildFile; fileRef = 3E5B872B183714E40017E2BE /* Parse.framework */; };
		3E5B872F1837169C0017E2BE /* LoginViewController.m in Sources */ = {isa = PBXBuildFile; fileRef = 3E5B872E1837169C0017E2BE /* LoginViewController.m */; };
		3E5B873218371B100017E2BE /* SignUpViewController.m in Sources */ = {isa = PBXBuildFile; fileRef = 3E5B873118371B100017E2BE /* SignUpViewController.m */; };
		3E5B8738183821C70017E2BE /* GamesViewController.m in Sources */ = {isa = PBXBuildFile; fileRef = 3E5B8737183821C70017E2BE /* GamesViewController.m */; };
		3E5B873E1838559F0017E2BE /* ChatCell.m in Sources */ = {isa = PBXBuildFile; fileRef = 3E5B873D1838559F0017E2BE /* ChatCell.m */; };
		3E5B874E183C4B580017E2BE /* ChatViewController.m in Sources */ = {isa = PBXBuildFile; fileRef = 3E5B874D183C4B580017E2BE /* ChatViewController.m */; };
		3E5B8751183DB0B50017E2BE /* NFLGamesViewController.m in Sources */ = {isa = PBXBuildFile; fileRef = 3E5B8750183DB0B50017E2BE /* NFLGamesViewController.m */; };
		3E5B8754183EDE140017E2BE /* MLBGamesViewController.m in Sources */ = {isa = PBXBuildFile; fileRef = 3E5B8753183EDE140017E2BE /* MLBGamesViewController.m */; };
		3E5B8757183EDF400017E2BE /* MLSGamesViewController.m in Sources */ = {isa = PBXBuildFile; fileRef = 3E5B8756183EDF400017E2BE /* MLSGamesViewController.m */; };
		3E5B875A183EE0430017E2BE /* NHLGamesViewController.m in Sources */ = {isa = PBXBuildFile; fileRef = 3E5B8759183EE0430017E2BE /* NHLGamesViewController.m */; };
		3E76BB7F185EA7C900582E1E /* CurrentUserProfileViewController.m in Sources */ = {isa = PBXBuildFile; fileRef = 3E76BB7E185EA7C900582E1E /* CurrentUserProfileViewController.m */; };
		3E89C1BF189DD3C5007B787A /* 1024px_2.png in Resources */ = {isa = PBXBuildFile; fileRef = 3E89C1BE189DD3C5007B787A /* 1024px_2.png */; };
		3E89C1C2189DEA8C007B787A /* SideBarTableViewController.m in Sources */ = {isa = PBXBuildFile; fileRef = 3E89C1C1189DEA8C007B787A /* SideBarTableViewController.m */; };
		3E9242BD18568037008C039E /* FriendsViewController.m in Sources */ = {isa = PBXBuildFile; fileRef = 3E9242BC18568037008C039E /* FriendsViewController.m */; };
		3E9242BF1857FF6F008C039E /* avatar.png in Resources */ = {isa = PBXBuildFile; fileRef = 3E9242BE1857FF6F008C039E /* avatar.png */; };
		3E9242C218596701008C039E /* EditProfileViewController.m in Sources */ = {isa = PBXBuildFile; fileRef = 3E9242C118596701008C039E /* EditProfileViewController.m */; };
		3E9242C5185BE86A008C039E /* UIImage+ProportionalFill.m in Sources */ = {isa = PBXBuildFile; fileRef = 3E9242C4185BE86A008C039E /* UIImage+ProportionalFill.m */; };
		3E9242C8185BEF85008C039E /* UIImageView+ParseFileSupport.m in Sources */ = {isa = PBXBuildFile; fileRef = 3E9242C7185BEF85008C039E /* UIImageView+ParseFileSupport.m */; };
		3EA41947189B4CFE003E47DF /* DTAlertView.m in Sources */ = {isa = PBXBuildFile; fileRef = 3EA41944189B4CFE003E47DF /* DTAlertView.m */; };
		3EA41948189B4CFE003E47DF /* DTProgressStatus.m in Sources */ = {isa = PBXBuildFile; fileRef = 3EA41946189B4CFE003E47DF /* DTProgressStatus.m */; };
		3EC6BB681852B667000FC942 /* placeholder.jpg in Resources */ = {isa = PBXBuildFile; fileRef = 3EC6BB671852B667000FC942 /* placeholder.jpg */; };
		3EC6BB6E1852BA04000FC942 /* SVProgressHUD.bundle in Resources */ = {isa = PBXBuildFile; fileRef = 3EC6BB6B1852BA04000FC942 /* SVProgressHUD.bundle */; };
		3EC6BB6F1852BA04000FC942 /* SVProgressHUD.m in Sources */ = {isa = PBXBuildFile; fileRef = 3EC6BB6D1852BA04000FC942 /* SVProgressHUD.m */; };
		3ED273B8183EE1A600B5821E /* NASCARRacesViewController.m in Sources */ = {isa = PBXBuildFile; fileRef = 3ED273B7183EE1A600B5821E /* NASCARRacesViewController.m */; };
		3ED273C11845920D00B5821E /* ResetPasswordViewController.m in Sources */ = {isa = PBXBuildFile; fileRef = 3ED273C01845920D00B5821E /* ResetPasswordViewController.m */; };
		3ED273C4184AD93800B5821E /* UserProfileViewController.m in Sources */ = {isa = PBXBuildFile; fileRef = 3ED273C3184AD93800B5821E /* UserProfileViewController.m */; };
/* End PBXBuildFile section */

/* Begin PBXContainerItemProxy section */
		3E5B8702183711870017E2BE /* PBXContainerItemProxy */ = {
			isa = PBXContainerItemProxy;
			containerPortal = 3E5B86D4183711870017E2BE /* Project object */;
			proxyType = 1;
			remoteGlobalIDString = 3E5B86DB183711870017E2BE;
			remoteInfo = trashTalkers;
		};
/* End PBXContainerItemProxy section */

/* Begin PBXFileReference section */
		3E17BF4D18639295001B32F8 /* MSCellAccessory.h */ = {isa = PBXFileReference; fileEncoding = 4; lastKnownFileType = sourcecode.c.h; path = MSCellAccessory.h; sourceTree = "<group>"; };
		3E17BF4E18639295001B32F8 /* MSCellAccessory.m */ = {isa = PBXFileReference; fileEncoding = 4; lastKnownFileType = sourcecode.c.objc; path = MSCellAccessory.m; sourceTree = "<group>"; };
		3E17BF4F18639295001B32F8 /* UIView+AccessViewController.h */ = {isa = PBXFileReference; fileEncoding = 4; lastKnownFileType = sourcecode.c.h; path = "UIView+AccessViewController.h"; sourceTree = "<group>"; };
		3E17BF5018639295001B32F8 /* UIView+AccessViewController.m */ = {isa = PBXFileReference; fileEncoding = 4; lastKnownFileType = sourcecode.c.objc; path = "UIView+AccessViewController.m"; sourceTree = "<group>"; };
		3E342A13189314ED004C262A /* Room.h */ = {isa = PBXFileReference; fileEncoding = 4; lastKnownFileType = sourcecode.c.h; path = Room.h; sourceTree = "<group>"; };
		3E342A14189314ED004C262A /* Room.m */ = {isa = PBXFileReference; fileEncoding = 4; lastKnownFileType = sourcecode.c.objc; path = Room.m; sourceTree = "<group>"; };
		3E342A16189314FA004C262A /* Post.h */ = {isa = PBXFileReference; fileEncoding = 4; lastKnownFileType = sourcecode.c.h; path = Post.h; sourceTree = "<group>"; };
		3E342A17189314FA004C262A /* Post.m */ = {isa = PBXFileReference; fileEncoding = 4; lastKnownFileType = sourcecode.c.objc; path = Post.m; sourceTree = "<group>"; };
		3E342A1918931510004C262A /* User.h */ = {isa = PBXFileReference; fileEncoding = 4; lastKnownFileType = sourcecode.c.h; path = User.h; sourceTree = "<group>"; };
		3E342A1A18931510004C262A /* User.m */ = {isa = PBXFileReference; fileEncoding = 4; lastKnownFileType = sourcecode.c.objc; path = User.m; sourceTree = "<group>"; };
		3E45088118A0127400CD7AE2 /* loading_screen.png */ = {isa = PBXFileReference; lastKnownFileType = image.png; path = loading_screen.png; sourceTree = "<group>"; };
		3E45088318A0448B00CD7AE2 /* 905-chat-2.png */ = {isa = PBXFileReference; lastKnownFileType = image.png; path = "905-chat-2.png"; sourceTree = "<group>"; };
		3E45088418A0448B00CD7AE2 /* 905-chat-2@2x.png */ = {isa = PBXFileReference; lastKnownFileType = image.png; path = "905-chat-2@2x.png"; sourceTree = "<group>"; };
		3E45088718A046B300CD7AE2 /* 974-users.png */ = {isa = PBXFileReference; lastKnownFileType = image.png; path = "974-users.png"; sourceTree = "<group>"; };
		3E45088818A046B300CD7AE2 /* 974-users@2x.png */ = {isa = PBXFileReference; lastKnownFileType = image.png; path = "974-users@2x.png"; sourceTree = "<group>"; };
		3E45088B18A0475D00CD7AE2 /* 1099-list-1.png */ = {isa = PBXFileReference; lastKnownFileType = image.png; path = "1099-list-1.png"; sourceTree = "<group>"; };
		3E45088C18A0475D00CD7AE2 /* 1099-list-1@2x.png */ = {isa = PBXFileReference; lastKnownFileType = image.png; path = "1099-list-1@2x.png"; sourceTree = "<group>"; };
		3E45089718A0491700CD7AE2 /* 910-graph.png */ = {isa = PBXFileReference; lastKnownFileType = image.png; path = "910-graph.png"; sourceTree = "<group>"; };
		3E45089818A0491700CD7AE2 /* 910-graph@2x.png */ = {isa = PBXFileReference; lastKnownFileType = image.png; path = "910-graph@2x.png"; sourceTree = "<group>"; };
		3E45089B18A0494D00CD7AE2 /* 945-radar@2x.png */ = {isa = PBXFileReference; lastKnownFileType = image.png; path = "945-radar@2x.png"; sourceTree = "<group>"; };
		3E45089D18A0495300CD7AE2 /* 945-radar.png */ = {isa = PBXFileReference; lastKnownFileType = image.png; path = "945-radar.png"; sourceTree = "<group>"; };
		3E45089F18A05E3500CD7AE2 /* 1096-direction-arrow copy.png */ = {isa = PBXFileReference; lastKnownFileType = image.png; path = "1096-direction-arrow copy.png"; sourceTree = "<group>"; };
		3E4508A018A05E3500CD7AE2 /* 1096-direction-arrow@2x copy.png */ = {isa = PBXFileReference; lastKnownFileType = image.png; path = "1096-direction-arrow@2x copy.png"; sourceTree = "<group>"; };
		3E4508A518A0678300CD7AE2 /* backArrow2.png */ = {isa = PBXFileReference; lastKnownFileType = image.png; path = backArrow2.png; sourceTree = "<group>"; };
		3E5B86DC183711870017E2BE /* trashTalkers.app */ = {isa = PBXFileReference; explicitFileType = wrapper.application; includeInIndex = 0; path = trashTalkers.app; sourceTree = BUILT_PRODUCTS_DIR; };
		3E5B86DF183711870017E2BE /* Foundation.framework */ = {isa = PBXFileReference; lastKnownFileType = wrapper.framework; name = Foundation.framework; path = System/Library/Frameworks/Foundation.framework; sourceTree = SDKROOT; };
		3E5B86E1183711870017E2BE /* CoreGraphics.framework */ = {isa = PBXFileReference; lastKnownFileType = wrapper.framework; name = CoreGraphics.framework; path = System/Library/Frameworks/CoreGraphics.framework; sourceTree = SDKROOT; };
		3E5B86E3183711870017E2BE /* UIKit.framework */ = {isa = PBXFileReference; lastKnownFileType = wrapper.framework; name = UIKit.framework; path = System/Library/Frameworks/UIKit.framework; sourceTree = SDKROOT; };
		3E5B86E7183711870017E2BE /* trashTalkers-Info.plist */ = {isa = PBXFileReference; lastKnownFileType = text.plist.xml; path = "trashTalkers-Info.plist"; sourceTree = "<group>"; };
		3E5B86E9183711870017E2BE /* en */ = {isa = PBXFileReference; lastKnownFileType = text.plist.strings; name = en; path = en.lproj/InfoPlist.strings; sourceTree = "<group>"; };
		3E5B86EB183711870017E2BE /* main.m */ = {isa = PBXFileReference; lastKnownFileType = sourcecode.c.objc; path = main.m; sourceTree = "<group>"; };
		3E5B86ED183711870017E2BE /* trashTalkers-Prefix.pch */ = {isa = PBXFileReference; lastKnownFileType = sourcecode.c.h; path = "trashTalkers-Prefix.pch"; sourceTree = "<group>"; };
		3E5B86EE183711870017E2BE /* AppDelegate.h */ = {isa = PBXFileReference; lastKnownFileType = sourcecode.c.h; path = AppDelegate.h; sourceTree = "<group>"; };
		3E5B86EF183711870017E2BE /* AppDelegate.m */ = {isa = PBXFileReference; lastKnownFileType = sourcecode.c.objc; path = AppDelegate.m; sourceTree = "<group>"; };
		3E5B86F2183711870017E2BE /* Base */ = {isa = PBXFileReference; lastKnownFileType = file.storyboard; name = Base; path = Base.lproj/Main.storyboard; sourceTree = "<group>"; };
		3E5B86F7183711870017E2BE /* Images.xcassets */ = {isa = PBXFileReference; lastKnownFileType = folder.assetcatalog; path = Images.xcassets; sourceTree = "<group>"; };
		3E5B86FD183711870017E2BE /* trashTalkersTests.xctest */ = {isa = PBXFileReference; explicitFileType = wrapper.cfbundle; includeInIndex = 0; path = trashTalkersTests.xctest; sourceTree = BUILT_PRODUCTS_DIR; };
		3E5B86FE183711870017E2BE /* XCTest.framework */ = {isa = PBXFileReference; lastKnownFileType = wrapper.framework; name = XCTest.framework; path = Library/Frameworks/XCTest.framework; sourceTree = DEVELOPER_DIR; };
		3E5B8706183711870017E2BE /* trashTalkersTests-Info.plist */ = {isa = PBXFileReference; lastKnownFileType = text.plist.xml; path = "trashTalkersTests-Info.plist"; sourceTree = "<group>"; };
		3E5B8708183711870017E2BE /* en */ = {isa = PBXFileReference; lastKnownFileType = text.plist.strings; name = en; path = en.lproj/InfoPlist.strings; sourceTree = "<group>"; };
		3E5B870A183711870017E2BE /* trashTalkersTests.m */ = {isa = PBXFileReference; lastKnownFileType = sourcecode.c.objc; path = trashTalkersTests.m; sourceTree = "<group>"; };
		3E5B8714183712000017E2BE /* SportsViewController.h */ = {isa = PBXFileReference; fileEncoding = 4; lastKnownFileType = sourcecode.c.h; path = SportsViewController.h; sourceTree = "<group>"; };
		3E5B8715183712000017E2BE /* SportsViewController.m */ = {isa = PBXFileReference; fileEncoding = 4; lastKnownFileType = sourcecode.c.objc; path = SportsViewController.m; sourceTree = "<group>"; };
		3E5B8719183714190017E2BE /* AudioToolbox.framework */ = {isa = PBXFileReference; lastKnownFileType = wrapper.framework; name = AudioToolbox.framework; path = System/Library/Frameworks/AudioToolbox.framework; sourceTree = SDKROOT; };
		3E5B871B183714510017E2BE /* CFNetwork.framework */ = {isa = PBXFileReference; lastKnownFileType = wrapper.framework; name = CFNetwork.framework; path = System/Library/Frameworks/CFNetwork.framework; sourceTree = SDKROOT; };
		3E5B871C183714510017E2BE /* CoreLocation.framework */ = {isa = PBXFileReference; lastKnownFileType = wrapper.framework; name = CoreLocation.framework; path = System/Library/Frameworks/CoreLocation.framework; sourceTree = SDKROOT; };
		3E5B871D183714510017E2BE /* libz.1.1.3.dylib */ = {isa = PBXFileReference; lastKnownFileType = "compiled.mach-o.dylib"; name = libz.1.1.3.dylib; path = usr/lib/libz.1.1.3.dylib; sourceTree = SDKROOT; };
		3E5B871E183714510017E2BE /* MobileCoreServices.framework */ = {isa = PBXFileReference; lastKnownFileType = wrapper.framework; name = MobileCoreServices.framework; path = System/Library/Frameworks/MobileCoreServices.framework; sourceTree = SDKROOT; };
		3E5B871F183714510017E2BE /* QuartzCore.framework */ = {isa = PBXFileReference; lastKnownFileType = wrapper.framework; name = QuartzCore.framework; path = System/Library/Frameworks/QuartzCore.framework; sourceTree = SDKROOT; };
		3E5B8720183714510017E2BE /* Security.framework */ = {isa = PBXFileReference; lastKnownFileType = wrapper.framework; name = Security.framework; path = System/Library/Frameworks/Security.framework; sourceTree = SDKROOT; };
		3E5B8721183714510017E2BE /* StoreKit.framework */ = {isa = PBXFileReference; lastKnownFileType = wrapper.framework; name = StoreKit.framework; path = System/Library/Frameworks/StoreKit.framework; sourceTree = SDKROOT; };
		3E5B87291837145B0017E2BE /* SystemConfiguration.framework */ = {isa = PBXFileReference; lastKnownFileType = wrapper.framework; name = SystemConfiguration.framework; path = System/Library/Frameworks/SystemConfiguration.framework; sourceTree = SDKROOT; };
		3E5B872B183714E40017E2BE /* Parse.framework */ = {isa = PBXFileReference; lastKnownFileType = wrapper.framework; path = Parse.framework; sourceTree = "<group>"; };
		3E5B872D1837169C0017E2BE /* LoginViewController.h */ = {isa = PBXFileReference; fileEncoding = 4; lastKnownFileType = sourcecode.c.h; path = LoginViewController.h; sourceTree = "<group>"; };
		3E5B872E1837169C0017E2BE /* LoginViewController.m */ = {isa = PBXFileReference; fileEncoding = 4; lastKnownFileType = sourcecode.c.objc; path = LoginViewController.m; sourceTree = "<group>"; };
		3E5B873018371B100017E2BE /* SignUpViewController.h */ = {isa = PBXFileReference; fileEncoding = 4; lastKnownFileType = sourcecode.c.h; path = SignUpViewController.h; sourceTree = "<group>"; };
		3E5B873118371B100017E2BE /* SignUpViewController.m */ = {isa = PBXFileReference; fileEncoding = 4; lastKnownFileType = sourcecode.c.objc; path = SignUpViewController.m; sourceTree = "<group>"; };
		3E5B8736183821C70017E2BE /* GamesViewController.h */ = {isa = PBXFileReference; fileEncoding = 4; lastKnownFileType = sourcecode.c.h; path = GamesViewController.h; sourceTree = "<group>"; };
		3E5B8737183821C70017E2BE /* GamesViewController.m */ = {isa = PBXFileReference; fileEncoding = 4; lastKnownFileType = sourcecode.c.objc; path = GamesViewController.m; sourceTree = "<group>"; };
		3E5B873C1838559F0017E2BE /* ChatCell.h */ = {isa = PBXFileReference; fileEncoding = 4; lastKnownFileType = sourcecode.c.h; path = ChatCell.h; sourceTree = "<group>"; };
		3E5B873D1838559F0017E2BE /* ChatCell.m */ = {isa = PBXFileReference; fileEncoding = 4; lastKnownFileType = sourcecode.c.objc; path = ChatCell.m; sourceTree = "<group>"; };
		3E5B874C183C4B580017E2BE /* ChatViewController.h */ = {isa = PBXFileReference; fileEncoding = 4; lastKnownFileType = sourcecode.c.h; path = ChatViewController.h; sourceTree = "<group>"; };
		3E5B874D183C4B580017E2BE /* ChatViewController.m */ = {isa = PBXFileReference; fileEncoding = 4; lastKnownFileType = sourcecode.c.objc; path = ChatViewController.m; sourceTree = "<group>"; };
		3E5B874F183DB0B50017E2BE /* NFLGamesViewController.h */ = {isa = PBXFileReference; fileEncoding = 4; lastKnownFileType = sourcecode.c.h; path = NFLGamesViewController.h; sourceTree = "<group>"; };
		3E5B8750183DB0B50017E2BE /* NFLGamesViewController.m */ = {isa = PBXFileReference; fileEncoding = 4; lastKnownFileType = sourcecode.c.objc; path = NFLGamesViewController.m; sourceTree = "<group>"; };
		3E5B8752183EDE140017E2BE /* MLBGamesViewController.h */ = {isa = PBXFileReference; fileEncoding = 4; lastKnownFileType = sourcecode.c.h; path = MLBGamesViewController.h; sourceTree = "<group>"; };
		3E5B8753183EDE140017E2BE /* MLBGamesViewController.m */ = {isa = PBXFileReference; fileEncoding = 4; lastKnownFileType = sourcecode.c.objc; path = MLBGamesViewController.m; sourceTree = "<group>"; };
		3E5B8755183EDF400017E2BE /* MLSGamesViewController.h */ = {isa = PBXFileReference; fileEncoding = 4; lastKnownFileType = sourcecode.c.h; path = MLSGamesViewController.h; sourceTree = "<group>"; };
		3E5B8756183EDF400017E2BE /* MLSGamesViewController.m */ = {isa = PBXFileReference; fileEncoding = 4; lastKnownFileType = sourcecode.c.objc; path = MLSGamesViewController.m; sourceTree = "<group>"; };
		3E5B8758183EE0430017E2BE /* NHLGamesViewController.h */ = {isa = PBXFileReference; fileEncoding = 4; lastKnownFileType = sourcecode.c.h; path = NHLGamesViewController.h; sourceTree = "<group>"; };
		3E5B8759183EE0430017E2BE /* NHLGamesViewController.m */ = {isa = PBXFileReference; fileEncoding = 4; lastKnownFileType = sourcecode.c.objc; path = NHLGamesViewController.m; sourceTree = "<group>"; };
		3E76BB7D185EA7C900582E1E /* CurrentUserProfileViewController.h */ = {isa = PBXFileReference; fileEncoding = 4; lastKnownFileType = sourcecode.c.h; path = CurrentUserProfileViewController.h; sourceTree = "<group>"; };
		3E76BB7E185EA7C900582E1E /* CurrentUserProfileViewController.m */ = {isa = PBXFileReference; fileEncoding = 4; lastKnownFileType = sourcecode.c.objc; path = CurrentUserProfileViewController.m; sourceTree = "<group>"; };
		3E89C1BE189DD3C5007B787A /* 1024px_2.png */ = {isa = PBXFileReference; lastKnownFileType = image.png; path = 1024px_2.png; sourceTree = "<group>"; };
		3E89C1C0189DEA8C007B787A /* SideBarTableViewController.h */ = {isa = PBXFileReference; fileEncoding = 4; lastKnownFileType = sourcecode.c.h; path = SideBarTableViewController.h; sourceTree = "<group>"; };
		3E89C1C1189DEA8C007B787A /* SideBarTableViewController.m */ = {isa = PBXFileReference; fileEncoding = 4; lastKnownFileType = sourcecode.c.objc; path = SideBarTableViewController.m; sourceTree = "<group>"; };
		3E9242BB18568037008C039E /* FriendsViewController.h */ = {isa = PBXFileReference; fileEncoding = 4; lastKnownFileType = sourcecode.c.h; path = FriendsViewController.h; sourceTree = "<group>"; };
		3E9242BC18568037008C039E /* FriendsViewController.m */ = {isa = PBXFileReference; fileEncoding = 4; lastKnownFileType = sourcecode.c.objc; path = FriendsViewController.m; sourceTree = "<group>"; };
		3E9242BE1857FF6F008C039E /* avatar.png */ = {isa = PBXFileReference; lastKnownFileType = image.png; path = avatar.png; sourceTree = "<group>"; };
		3E9242C018596701008C039E /* EditProfileViewController.h */ = {isa = PBXFileReference; fileEncoding = 4; lastKnownFileType = sourcecode.c.h; path = EditProfileViewController.h; sourceTree = "<group>"; };
		3E9242C118596701008C039E /* EditProfileViewController.m */ = {isa = PBXFileReference; fileEncoding = 4; lastKnownFileType = sourcecode.c.objc; path = EditProfileViewController.m; sourceTree = "<group>"; };
		3E9242C3185BE86A008C039E /* UIImage+ProportionalFill.h */ = {isa = PBXFileReference; fileEncoding = 4; lastKnownFileType = sourcecode.c.h; path = "UIImage+ProportionalFill.h"; sourceTree = "<group>"; };
		3E9242C4185BE86A008C039E /* UIImage+ProportionalFill.m */ = {isa = PBXFileReference; fileEncoding = 4; lastKnownFileType = sourcecode.c.objc; path = "UIImage+ProportionalFill.m"; sourceTree = "<group>"; };
		3E9242C6185BEF85008C039E /* UIImageView+ParseFileSupport.h */ = {isa = PBXFileReference; fileEncoding = 4; lastKnownFileType = sourcecode.c.h; path = "UIImageView+ParseFileSupport.h"; sourceTree = "<group>"; };
		3E9242C7185BEF85008C039E /* UIImageView+ParseFileSupport.m */ = {isa = PBXFileReference; fileEncoding = 4; lastKnownFileType = sourcecode.c.objc; path = "UIImageView+ParseFileSupport.m"; sourceTree = "<group>"; };
		3EA41943189B4CFE003E47DF /* DTAlertView.h */ = {isa = PBXFileReference; fileEncoding = 4; lastKnownFileType = sourcecode.c.h; path = DTAlertView.h; sourceTree = "<group>"; };
		3EA41944189B4CFE003E47DF /* DTAlertView.m */ = {isa = PBXFileReference; fileEncoding = 4; lastKnownFileType = sourcecode.c.objc; path = DTAlertView.m; sourceTree = "<group>"; };
		3EA41945189B4CFE003E47DF /* DTProgressStatus.h */ = {isa = PBXFileReference; fileEncoding = 4; lastKnownFileType = sourcecode.c.h; path = DTProgressStatus.h; sourceTree = "<group>"; };
		3EA41946189B4CFE003E47DF /* DTProgressStatus.m */ = {isa = PBXFileReference; fileEncoding = 4; lastKnownFileType = sourcecode.c.objc; path = DTProgressStatus.m; sourceTree = "<group>"; };
		3EC6BB671852B667000FC942 /* placeholder.jpg */ = {isa = PBXFileReference; lastKnownFileType = image.jpeg; path = placeholder.jpg; sourceTree = "<group>"; };
		3EC6BB6A1852BA04000FC942 /* SVProgressHUD-Prefix.pch */ = {isa = PBXFileReference; fileEncoding = 4; lastKnownFileType = sourcecode.c.h; path = "SVProgressHUD-Prefix.pch"; sourceTree = "<group>"; };
		3EC6BB6B1852BA04000FC942 /* SVProgressHUD.bundle */ = {isa = PBXFileReference; lastKnownFileType = "wrapper.plug-in"; path = SVProgressHUD.bundle; sourceTree = "<group>"; };
		3EC6BB6C1852BA04000FC942 /* SVProgressHUD.h */ = {isa = PBXFileReference; fileEncoding = 4; lastKnownFileType = sourcecode.c.h; path = SVProgressHUD.h; sourceTree = "<group>"; };
		3EC6BB6D1852BA04000FC942 /* SVProgressHUD.m */ = {isa = PBXFileReference; fileEncoding = 4; lastKnownFileType = sourcecode.c.objc; path = SVProgressHUD.m; sourceTree = "<group>"; };
		3ED273B6183EE1A600B5821E /* NASCARRacesViewController.h */ = {isa = PBXFileReference; fileEncoding = 4; lastKnownFileType = sourcecode.c.h; path = NASCARRacesViewController.h; sourceTree = "<group>"; };
		3ED273B7183EE1A600B5821E /* NASCARRacesViewController.m */ = {isa = PBXFileReference; fileEncoding = 4; lastKnownFileType = sourcecode.c.objc; path = NASCARRacesViewController.m; sourceTree = "<group>"; };
		3ED273BF1845920D00B5821E /* ResetPasswordViewController.h */ = {isa = PBXFileReference; fileEncoding = 4; lastKnownFileType = sourcecode.c.h; path = ResetPasswordViewController.h; sourceTree = "<group>"; };
		3ED273C01845920D00B5821E /* ResetPasswordViewController.m */ = {isa = PBXFileReference; fileEncoding = 4; lastKnownFileType = sourcecode.c.objc; path = ResetPasswordViewController.m; sourceTree = "<group>"; };
		3ED273C2184AD93800B5821E /* UserProfileViewController.h */ = {isa = PBXFileReference; fileEncoding = 4; lastKnownFileType = sourcecode.c.h; path = UserProfileViewController.h; sourceTree = "<group>"; };
		3ED273C3184AD93800B5821E /* UserProfileViewController.m */ = {isa = PBXFileReference; fileEncoding = 4; lastKnownFileType = sourcecode.c.objc; path = UserProfileViewController.m; sourceTree = "<group>"; };
/* End PBXFileReference section */

/* Begin PBXFrameworksBuildPhase section */
		3E5B86D9183711870017E2BE /* Frameworks */ = {
			isa = PBXFrameworksBuildPhase;
			buildActionMask = 2147483647;
			files = (
				3E5B872A1837145B0017E2BE /* SystemConfiguration.framework in Frameworks */,
				3E5B8722183714510017E2BE /* CFNetwork.framework in Frameworks */,
				3E5B8723183714510017E2BE /* CoreLocation.framework in Frameworks */,
				3E5B8724183714510017E2BE /* libz.1.1.3.dylib in Frameworks */,
				3E5B8725183714510017E2BE /* MobileCoreServices.framework in Frameworks */,
				3E5B8726183714510017E2BE /* QuartzCore.framework in Frameworks */,
				3E5B872C183714E40017E2BE /* Parse.framework in Frameworks */,
				3E5B8727183714510017E2BE /* Security.framework in Frameworks */,
				3E5B8728183714510017E2BE /* StoreKit.framework in Frameworks */,
				3E5B86E2183711870017E2BE /* CoreGraphics.framework in Frameworks */,
				3E5B871A183714190017E2BE /* AudioToolbox.framework in Frameworks */,
				3E5B86E4183711870017E2BE /* UIKit.framework in Frameworks */,
				3E5B86E0183711870017E2BE /* Foundation.framework in Frameworks */,
			);
			runOnlyForDeploymentPostprocessing = 0;
		};
		3E5B86FA183711870017E2BE /* Frameworks */ = {
			isa = PBXFrameworksBuildPhase;
			buildActionMask = 2147483647;
			files = (
				3E5B86FF183711870017E2BE /* XCTest.framework in Frameworks */,
				3E5B8701183711870017E2BE /* UIKit.framework in Frameworks */,
				3E5B8700183711870017E2BE /* Foundation.framework in Frameworks */,
			);
			runOnlyForDeploymentPostprocessing = 0;
		};
/* End PBXFrameworksBuildPhase section */

/* Begin PBXGroup section */
		3E17BF4B18639286001B32F8 /* Categories */ = {
			isa = PBXGroup;
			children = (
				3E9242C3185BE86A008C039E /* UIImage+ProportionalFill.h */,
				3E9242C4185BE86A008C039E /* UIImage+ProportionalFill.m */,
				3E9242C6185BEF85008C039E /* UIImageView+ParseFileSupport.h */,
				3E9242C7185BEF85008C039E /* UIImageView+ParseFileSupport.m */,
				3EA41942189B4CFE003E47DF /* DTAlertView */,
			);
			name = Categories;
			sourceTree = "<group>";
		};
		3E17BF4C18639295001B32F8 /* MSCellAccessory */ = {
			isa = PBXGroup;
			children = (
				3E17BF4D18639295001B32F8 /* MSCellAccessory.h */,
				3E17BF4E18639295001B32F8 /* MSCellAccessory.m */,
				3E17BF4F18639295001B32F8 /* UIView+AccessViewController.h */,
				3E17BF5018639295001B32F8 /* UIView+AccessViewController.m */,
			);
			path = MSCellAccessory;
			sourceTree = "<group>";
		};
		3E5B86D3183711870017E2BE = {
			isa = PBXGroup;
			children = (
				3E5B86E5183711870017E2BE /* trashTalkers */,
				3E5B8704183711870017E2BE /* trashTalkersTests */,
				3E5B86DE183711870017E2BE /* Frameworks */,
				3E5B86DD183711870017E2BE /* Products */,
			);
			sourceTree = "<group>";
		};
		3E5B86DD183711870017E2BE /* Products */ = {
			isa = PBXGroup;
			children = (
				3E5B86DC183711870017E2BE /* trashTalkers.app */,
				3E5B86FD183711870017E2BE /* trashTalkersTests.xctest */,
			);
			name = Products;
			sourceTree = "<group>";
		};
		3E5B86DE183711870017E2BE /* Frameworks */ = {
			isa = PBXGroup;
			children = (
				3EC6BB691852BA04000FC942 /* SVProgressHUD */,
				3E5B872B183714E40017E2BE /* Parse.framework */,
				3E5B87291837145B0017E2BE /* SystemConfiguration.framework */,
				3E5B871B183714510017E2BE /* CFNetwork.framework */,
				3E5B871C183714510017E2BE /* CoreLocation.framework */,
				3E5B871D183714510017E2BE /* libz.1.1.3.dylib */,
				3E5B871E183714510017E2BE /* MobileCoreServices.framework */,
				3E5B871F183714510017E2BE /* QuartzCore.framework */,
				3E5B8720183714510017E2BE /* Security.framework */,
				3E5B8721183714510017E2BE /* StoreKit.framework */,
				3E5B8719183714190017E2BE /* AudioToolbox.framework */,
				3E5B86DF183711870017E2BE /* Foundation.framework */,
				3E5B86E1183711870017E2BE /* CoreGraphics.framework */,
				3E5B86E3183711870017E2BE /* UIKit.framework */,
				3E5B86FE183711870017E2BE /* XCTest.framework */,
			);
			name = Frameworks;
			sourceTree = "<group>";
		};
		3E5B86E5183711870017E2BE /* trashTalkers */ = {
			isa = PBXGroup;
			children = (
				3E5B86EE183711870017E2BE /* AppDelegate.h */,
				3E5B86EF183711870017E2BE /* AppDelegate.m */,
				3E5B86F1183711870017E2BE /* Main.storyboard */,
				3E5B8714183712000017E2BE /* SportsViewController.h */,
				3E5B8715183712000017E2BE /* SportsViewController.m */,
				3E5B872D1837169C0017E2BE /* LoginViewController.h */,
				3E5B872E1837169C0017E2BE /* LoginViewController.m */,
				3E5B873018371B100017E2BE /* SignUpViewController.h */,
				3E5B873118371B100017E2BE /* SignUpViewController.m */,
				3E5B8736183821C70017E2BE /* GamesViewController.h */,
				3E5B8737183821C70017E2BE /* GamesViewController.m */,
				3E5B874F183DB0B50017E2BE /* NFLGamesViewController.h */,
				3E5B8750183DB0B50017E2BE /* NFLGamesViewController.m */,
				3E5B8752183EDE140017E2BE /* MLBGamesViewController.h */,
				3E5B8753183EDE140017E2BE /* MLBGamesViewController.m */,
				3E5B8755183EDF400017E2BE /* MLSGamesViewController.h */,
				3E5B8756183EDF400017E2BE /* MLSGamesViewController.m */,
				3E5B8758183EE0430017E2BE /* NHLGamesViewController.h */,
				3E5B8759183EE0430017E2BE /* NHLGamesViewController.m */,
				3ED273B6183EE1A600B5821E /* NASCARRacesViewController.h */,
				3ED273B7183EE1A600B5821E /* NASCARRacesViewController.m */,
				3ED273BF1845920D00B5821E /* ResetPasswordViewController.h */,
				3ED273C01845920D00B5821E /* ResetPasswordViewController.m */,
				3E5B873C1838559F0017E2BE /* ChatCell.h */,
				3E5B873D1838559F0017E2BE /* ChatCell.m */,
				3E5B874C183C4B580017E2BE /* ChatViewController.h */,
				3E5B874D183C4B580017E2BE /* ChatViewController.m */,
				3E342A13189314ED004C262A /* Room.h */,
				3E342A14189314ED004C262A /* Room.m */,
				3E342A16189314FA004C262A /* Post.h */,
				3E342A17189314FA004C262A /* Post.m */,
				3E342A1918931510004C262A /* User.h */,
				3E342A1A18931510004C262A /* User.m */,
				3ED273C2184AD93800B5821E /* UserProfileViewController.h */,
				3ED273C3184AD93800B5821E /* UserProfileViewController.m */,
				3E9242BB18568037008C039E /* FriendsViewController.h */,
				3E9242BC18568037008C039E /* FriendsViewController.m */,
				3E9242C018596701008C039E /* EditProfileViewController.h */,
				3E9242C118596701008C039E /* EditProfileViewController.m */,
				3E76BB7D185EA7C900582E1E /* CurrentUserProfileViewController.h */,
				3E76BB7E185EA7C900582E1E /* CurrentUserProfileViewController.m */,
				3E89C1C0189DEA8C007B787A /* SideBarTableViewController.h */,
				3E89C1C1189DEA8C007B787A /* SideBarTableViewController.m */,
				3E17BF4B18639286001B32F8 /* Categories */,
				3E17BF4C18639295001B32F8 /* MSCellAccessory */,
				3E5B86F7183711870017E2BE /* Images.xcassets */,
				3E5B86E6183711870017E2BE /* Supporting Files */,
			);
			path = trashTalkers;
			sourceTree = "<group>";
		};
		3E5B86E6183711870017E2BE /* Supporting Files */ = {
			isa = PBXGroup;
			children = (
				3E5B86E7183711870017E2BE /* trashTalkers-Info.plist */,
				3E4508A518A0678300CD7AE2 /* backArrow2.png */,
				3E45088B18A0475D00CD7AE2 /* 1099-list-1.png */,
				3E45088C18A0475D00CD7AE2 /* 1099-list-1@2x.png */,
				3E45088318A0448B00CD7AE2 /* 905-chat-2.png */,
				3E45088418A0448B00CD7AE2 /* 905-chat-2@2x.png */,
				3E45088718A046B300CD7AE2 /* 974-users.png */,
				3E45088818A046B300CD7AE2 /* 974-users@2x.png */,
				3E45089718A0491700CD7AE2 /* 910-graph.png */,
				3E45089818A0491700CD7AE2 /* 910-graph@2x.png */,
				3E45089B18A0494D00CD7AE2 /* 945-radar@2x.png */,
				3E45089D18A0495300CD7AE2 /* 945-radar.png */,
				3E45089F18A05E3500CD7AE2 /* 1096-direction-arrow copy.png */,
				3E4508A018A05E3500CD7AE2 /* 1096-direction-arrow@2x copy.png */,
				3E89C1BE189DD3C5007B787A /* 1024px_2.png */,
				3E9242BE1857FF6F008C039E /* avatar.png */,
				3E45088118A0127400CD7AE2 /* loading_screen.png */,
				3EC6BB671852B667000FC942 /* placeholder.jpg */,
				3E5B86E8183711870017E2BE /* InfoPlist.strings */,
				3E5B86EB183711870017E2BE /* main.m */,
				3E5B86ED183711870017E2BE /* trashTalkers-Prefix.pch */,
			);
			name = "Supporting Files";
			sourceTree = "<group>";
		};
		3E5B8704183711870017E2BE /* trashTalkersTests */ = {
			isa = PBXGroup;
			children = (
				3E5B870A183711870017E2BE /* trashTalkersTests.m */,
				3E5B8705183711870017E2BE /* Supporting Files */,
			);
			path = trashTalkersTests;
			sourceTree = "<group>";
		};
		3E5B8705183711870017E2BE /* Supporting Files */ = {
			isa = PBXGroup;
			children = (
				3E5B8706183711870017E2BE /* trashTalkersTests-Info.plist */,
				3E5B8707183711870017E2BE /* InfoPlist.strings */,
			);
			name = "Supporting Files";
			sourceTree = "<group>";
		};
		3EA41942189B4CFE003E47DF /* DTAlertView */ = {
			isa = PBXGroup;
			children = (
				3EA41943189B4CFE003E47DF /* DTAlertView.h */,
				3EA41944189B4CFE003E47DF /* DTAlertView.m */,
				3EA41945189B4CFE003E47DF /* DTProgressStatus.h */,
				3EA41946189B4CFE003E47DF /* DTProgressStatus.m */,
			);
			path = DTAlertView;
			sourceTree = "<group>";
		};
		3EC6BB691852BA04000FC942 /* SVProgressHUD */ = {
			isa = PBXGroup;
			children = (
				3EC6BB6A1852BA04000FC942 /* SVProgressHUD-Prefix.pch */,
				3EC6BB6B1852BA04000FC942 /* SVProgressHUD.bundle */,
				3EC6BB6C1852BA04000FC942 /* SVProgressHUD.h */,
				3EC6BB6D1852BA04000FC942 /* SVProgressHUD.m */,
			);
			path = SVProgressHUD;
			sourceTree = "<group>";
		};
/* End PBXGroup section */

/* Begin PBXNativeTarget section */
		3E5B86DB183711870017E2BE /* trashTalkers */ = {
			isa = PBXNativeTarget;
			buildConfigurationList = 3E5B870E183711870017E2BE /* Build configuration list for PBXNativeTarget "trashTalkers" */;
			buildPhases = (
				3E5B86D8183711870017E2BE /* Sources */,
				3E5B86D9183711870017E2BE /* Frameworks */,
				3E5B86DA183711870017E2BE /* Resources */,
			);
			buildRules = (
			);
			dependencies = (
			);
			name = trashTalkers;
			productName = trashTalkers;
			productReference = 3E5B86DC183711870017E2BE /* trashTalkers.app */;
			productType = "com.apple.product-type.application";
		};
		3E5B86FC183711870017E2BE /* trashTalkersTests */ = {
			isa = PBXNativeTarget;
			buildConfigurationList = 3E5B8711183711870017E2BE /* Build configuration list for PBXNativeTarget "trashTalkersTests" */;
			buildPhases = (
				3E5B86F9183711870017E2BE /* Sources */,
				3E5B86FA183711870017E2BE /* Frameworks */,
				3E5B86FB183711870017E2BE /* Resources */,
			);
			buildRules = (
			);
			dependencies = (
				3E5B8703183711870017E2BE /* PBXTargetDependency */,
			);
			name = trashTalkersTests;
			productName = trashTalkersTests;
			productReference = 3E5B86FD183711870017E2BE /* trashTalkersTests.xctest */;
			productType = "com.apple.product-type.bundle.unit-test";
		};
/* End PBXNativeTarget section */

/* Begin PBXProject section */
		3E5B86D4183711870017E2BE /* Project object */ = {
			isa = PBXProject;
			attributes = {
				LastUpgradeCheck = 0500;
				ORGANIZATIONNAME = "Matt Remick";
				TargetAttributes = {
					3E5B86DB183711870017E2BE = {
						DevelopmentTeam = 6SZK592LX3;
					};
					3E5B86FC183711870017E2BE = {
						TestTargetID = 3E5B86DB183711870017E2BE;
					};
				};
			};
			buildConfigurationList = 3E5B86D7183711870017E2BE /* Build configuration list for PBXProject "trashTalkers" */;
			compatibilityVersion = "Xcode 3.2";
			developmentRegion = English;
			hasScannedForEncodings = 0;
			knownRegions = (
				en,
				Base,
			);
			mainGroup = 3E5B86D3183711870017E2BE;
			productRefGroup = 3E5B86DD183711870017E2BE /* Products */;
			projectDirPath = "";
			projectRoot = "";
			targets = (
				3E5B86DB183711870017E2BE /* trashTalkers */,
				3E5B86FC183711870017E2BE /* trashTalkersTests */,
			);
		};
/* End PBXProject section */

/* Begin PBXResourcesBuildPhase section */
		3E5B86DA183711870017E2BE /* Resources */ = {
			isa = PBXResourcesBuildPhase;
			buildActionMask = 2147483647;
			files = (
				3E4508A118A05E3500CD7AE2 /* 1096-direction-arrow copy.png in Resources */,
				3E45088A18A046B300CD7AE2 /* 974-users@2x.png in Resources */,
				3EC6BB6E1852BA04000FC942 /* SVProgressHUD.bundle in Resources */,
				3E45088918A046B300CD7AE2 /* 974-users.png in Resources */,
				3E45089E18A0495300CD7AE2 /* 945-radar.png in Resources */,
				3E45088518A0448B00CD7AE2 /* 905-chat-2.png in Resources */,
				3EC6BB681852B667000FC942 /* placeholder.jpg in Resources */,
				3E45088E18A0475D00CD7AE2 /* 1099-list-1@2x.png in Resources */,
				3E4508A218A05E3500CD7AE2 /* 1096-direction-arrow@2x copy.png in Resources */,
				3E45089A18A0491700CD7AE2 /* 910-graph@2x.png in Resources */,
				3E45089C18A0494D00CD7AE2 /* 945-radar@2x.png in Resources */,
				3E5B86F8183711870017E2BE /* Images.xcassets in Resources */,
				3E45088D18A0475D00CD7AE2 /* 1099-list-1.png in Resources */,
				3E9242BF1857FF6F008C039E /* avatar.png in Resources */,
				3E5B86EA183711870017E2BE /* InfoPlist.strings in Resources */,
				3E5B86F3183711870017E2BE /* Main.storyboard in Resources */,
				3E45088218A0127400CD7AE2 /* loading_screen.png in Resources */,
				3E45088618A0448B00CD7AE2 /* 905-chat-2@2x.png in Resources */,
				3E4508A618A0678300CD7AE2 /* backArrow2.png in Resources */,
				3E45089918A0491700CD7AE2 /* 910-graph.png in Resources */,
				3E89C1BF189DD3C5007B787A /* 1024px_2.png in Resources */,
			);
			runOnlyForDeploymentPostprocessing = 0;
		};
		3E5B86FB183711870017E2BE /* Resources */ = {
			isa = PBXResourcesBuildPhase;
			buildActionMask = 2147483647;
			files = (
				3E5B8709183711870017E2BE /* InfoPlist.strings in Resources */,
			);
			runOnlyForDeploymentPostprocessing = 0;
		};
/* End PBXResourcesBuildPhase section */

/* Begin PBXSourcesBuildPhase section */
		3E5B86D8183711870017E2BE /* Sources */ = {
			isa = PBXSourcesBuildPhase;
			buildActionMask = 2147483647;
			files = (
				3E342A1B18931510004C262A /* User.m in Sources */,
				3E9242C8185BEF85008C039E /* UIImageView+ParseFileSupport.m in Sources */,
				3E76BB7F185EA7C900582E1E /* CurrentUserProfileViewController.m in Sources */,
				3ED273C4184AD93800B5821E /* UserProfileViewController.m in Sources */,
				3E5B872F1837169C0017E2BE /* LoginViewController.m in Sources */,
				3E5B873218371B100017E2BE /* SignUpViewController.m in Sources */,
				3E5B8716183712000017E2BE /* SportsViewController.m in Sources */,
				3E342A15189314ED004C262A /* Room.m in Sources */,
				3E17BF5118639295001B32F8 /* MSCellAccessory.m in Sources */,
				3E5B86F0183711870017E2BE /* AppDelegate.m in Sources */,
				3EA41948189B4CFE003E47DF /* DTProgressStatus.m in Sources */,
				3E5B8738183821C70017E2BE /* GamesViewController.m in Sources */,
				3E5B8751183DB0B50017E2BE /* NFLGamesViewController.m in Sources */,
				3EA41947189B4CFE003E47DF /* DTAlertView.m in Sources */,
				3E5B873E1838559F0017E2BE /* ChatCell.m in Sources */,
				3ED273C11845920D00B5821E /* ResetPasswordViewController.m in Sources */,
				3EC6BB6F1852BA04000FC942 /* SVProgressHUD.m in Sources */,
				3E9242BD18568037008C039E /* FriendsViewController.m in Sources */,
				3E342A18189314FA004C262A /* Post.m in Sources */,
				3E5B8757183EDF400017E2BE /* MLSGamesViewController.m in Sources */,
				3E5B874E183C4B580017E2BE /* ChatViewController.m in Sources */,
				3E5B875A183EE0430017E2BE /* NHLGamesViewController.m in Sources */,
				3E89C1C2189DEA8C007B787A /* SideBarTableViewController.m in Sources */,
				3E17BF5218639295001B32F8 /* UIView+AccessViewController.m in Sources */,
				3E9242C218596701008C039E /* EditProfileViewController.m in Sources */,
				3E9242C5185BE86A008C039E /* UIImage+ProportionalFill.m in Sources */,
				3E5B8754183EDE140017E2BE /* MLBGamesViewController.m in Sources */,
				3E5B86EC183711870017E2BE /* main.m in Sources */,
				3ED273B8183EE1A600B5821E /* NASCARRacesViewController.m in Sources */,
			);
			runOnlyForDeploymentPostprocessing = 0;
		};
		3E5B86F9183711870017E2BE /* Sources */ = {
			isa = PBXSourcesBuildPhase;
			buildActionMask = 2147483647;
			files = (
				3E5B870B183711870017E2BE /* trashTalkersTests.m in Sources */,
			);
			runOnlyForDeploymentPostprocessing = 0;
		};
/* End PBXSourcesBuildPhase section */

/* Begin PBXTargetDependency section */
		3E5B8703183711870017E2BE /* PBXTargetDependency */ = {
			isa = PBXTargetDependency;
			target = 3E5B86DB183711870017E2BE /* trashTalkers */;
			targetProxy = 3E5B8702183711870017E2BE /* PBXContainerItemProxy */;
		};
/* End PBXTargetDependency section */

/* Begin PBXVariantGroup section */
		3E5B86E8183711870017E2BE /* InfoPlist.strings */ = {
			isa = PBXVariantGroup;
			children = (
				3E5B86E9183711870017E2BE /* en */,
			);
			name = InfoPlist.strings;
			sourceTree = "<group>";
		};
		3E5B86F1183711870017E2BE /* Main.storyboard */ = {
			isa = PBXVariantGroup;
			children = (
				3E5B86F2183711870017E2BE /* Base */,
			);
			name = Main.storyboard;
			sourceTree = "<group>";
		};
		3E5B8707183711870017E2BE /* InfoPlist.strings */ = {
			isa = PBXVariantGroup;
			children = (
				3E5B8708183711870017E2BE /* en */,
			);
			name = InfoPlist.strings;
			sourceTree = "<group>";
		};
/* End PBXVariantGroup section */

/* Begin XCBuildConfiguration section */
		3E5B870C183711870017E2BE /* Debug */ = {
			isa = XCBuildConfiguration;
			buildSettings = {
				ALWAYS_SEARCH_USER_PATHS = NO;
				ARCHS = "$(ARCHS_STANDARD_INCLUDING_64_BIT)";
				CLANG_CXX_LANGUAGE_STANDARD = "gnu++0x";
				CLANG_CXX_LIBRARY = "libc++";
				CLANG_ENABLE_MODULES = YES;
				CLANG_ENABLE_OBJC_ARC = YES;
				CLANG_WARN_BOOL_CONVERSION = YES;
				CLANG_WARN_CONSTANT_CONVERSION = YES;
				CLANG_WARN_DIRECT_OBJC_ISA_USAGE = YES_ERROR;
				CLANG_WARN_EMPTY_BODY = YES;
				CLANG_WARN_ENUM_CONVERSION = YES;
				CLANG_WARN_INT_CONVERSION = YES;
				CLANG_WARN_OBJC_ROOT_CLASS = YES_ERROR;
				CLANG_WARN__DUPLICATE_METHOD_MATCH = YES;
				"CODE_SIGN_IDENTITY[sdk=iphoneos*]" = "iPhone Developer";
				COPY_PHASE_STRIP = NO;
				GCC_C_LANGUAGE_STANDARD = gnu99;
				GCC_DYNAMIC_NO_PIC = NO;
				GCC_OPTIMIZATION_LEVEL = 0;
				GCC_PREPROCESSOR_DEFINITIONS = (
					"DEBUG=1",
					"$(inherited)",
				);
				GCC_SYMBOLS_PRIVATE_EXTERN = NO;
				GCC_WARN_64_TO_32_BIT_CONVERSION = YES;
				GCC_WARN_ABOUT_RETURN_TYPE = YES_ERROR;
				GCC_WARN_UNDECLARED_SELECTOR = YES;
				GCC_WARN_UNINITIALIZED_AUTOS = YES;
				GCC_WARN_UNUSED_FUNCTION = YES;
				GCC_WARN_UNUSED_VARIABLE = YES;
				IPHONEOS_DEPLOYMENT_TARGET = 7.0;
				ONLY_ACTIVE_ARCH = YES;
				SDKROOT = iphoneos;
			};
			name = Debug;
		};
		3E5B870D183711870017E2BE /* Release */ = {
			isa = XCBuildConfiguration;
			buildSettings = {
				ALWAYS_SEARCH_USER_PATHS = NO;
				ARCHS = "$(ARCHS_STANDARD_INCLUDING_64_BIT)";
				CLANG_CXX_LANGUAGE_STANDARD = "gnu++0x";
				CLANG_CXX_LIBRARY = "libc++";
				CLANG_ENABLE_MODULES = YES;
				CLANG_ENABLE_OBJC_ARC = YES;
				CLANG_WARN_BOOL_CONVERSION = YES;
				CLANG_WARN_CONSTANT_CONVERSION = YES;
				CLANG_WARN_DIRECT_OBJC_ISA_USAGE = YES_ERROR;
				CLANG_WARN_EMPTY_BODY = YES;
				CLANG_WARN_ENUM_CONVERSION = YES;
				CLANG_WARN_INT_CONVERSION = YES;
				CLANG_WARN_OBJC_ROOT_CLASS = YES_ERROR;
				CLANG_WARN__DUPLICATE_METHOD_MATCH = YES;
				"CODE_SIGN_IDENTITY[sdk=iphoneos*]" = "iPhone Developer";
				COPY_PHASE_STRIP = YES;
				ENABLE_NS_ASSERTIONS = NO;
				GCC_C_LANGUAGE_STANDARD = gnu99;
				GCC_WARN_64_TO_32_BIT_CONVERSION = YES;
				GCC_WARN_ABOUT_RETURN_TYPE = YES_ERROR;
				GCC_WARN_UNDECLARED_SELECTOR = YES;
				GCC_WARN_UNINITIALIZED_AUTOS = YES;
				GCC_WARN_UNUSED_FUNCTION = YES;
				GCC_WARN_UNUSED_VARIABLE = YES;
				IPHONEOS_DEPLOYMENT_TARGET = 7.0;
				SDKROOT = iphoneos;
				VALIDATE_PRODUCT = YES;
			};
			name = Release;
		};
		3E5B870F183711870017E2BE /* Debug */ = {
			isa = XCBuildConfiguration;
			buildSettings = {
				ASSETCATALOG_COMPILER_APPICON_NAME = AppIcon;
				ASSETCATALOG_COMPILER_LAUNCHIMAGE_NAME = LaunchImage;
				CODE_SIGN_IDENTITY = "iPhone Developer";
				"CODE_SIGN_IDENTITY[sdk=iphoneos*]" = "iPhone Developer";
				FRAMEWORK_SEARCH_PATHS = (
					"$(inherited)",
					/Users/mremick/Desktop/Developer/myApps/trashTalkers,
				);
				GCC_PRECOMPILE_PREFIX_HEADER = YES;
				GCC_PREFIX_HEADER = "trashTalkers/trashTalkers-Prefix.pch";
				INFOPLIST_FILE = "trashTalkers/trashTalkers-Info.plist";
				PRODUCT_NAME = "$(TARGET_NAME)";
				PROVISIONING_PROFILE = "";
				WRAPPER_EXTENSION = app;
			};
			name = Debug;
		};
		3E5B8710183711870017E2BE /* Release */ = {
			isa = XCBuildConfiguration;
			buildSettings = {
				ASSETCATALOG_COMPILER_APPICON_NAME = AppIcon;
				ASSETCATALOG_COMPILER_LAUNCHIMAGE_NAME = LaunchImage;
				CODE_SIGN_IDENTITY = "iPhone Developer";
				"CODE_SIGN_IDENTITY[sdk=iphoneos*]" = "iPhone Developer";
				FRAMEWORK_SEARCH_PATHS = (
					"$(inherited)",
					/Users/mremick/Desktop/Developer/myApps/trashTalkers,
				);
				GCC_PRECOMPILE_PREFIX_HEADER = YES;
				GCC_PREFIX_HEADER = "trashTalkers/trashTalkers-Prefix.pch";
				INFOPLIST_FILE = "trashTalkers/trashTalkers-Info.plist";
				PRODUCT_NAME = "$(TARGET_NAME)";
				PROVISIONING_PROFILE = "";
				WRAPPER_EXTENSION = app;
			};
			name = Release;
		};
		3E5B8712183711870017E2BE /* Debug */ = {
			isa = XCBuildConfiguration;
			buildSettings = {
				ARCHS = "$(ARCHS_STANDARD_INCLUDING_64_BIT)";
				BUNDLE_LOADER = "$(BUILT_PRODUCTS_DIR)/trashTalkers.app/trashTalkers";
				FRAMEWORK_SEARCH_PATHS = (
					"$(SDKROOT)/Developer/Library/Frameworks",
					"$(inherited)",
					"$(DEVELOPER_FRAMEWORKS_DIR)",
				);
				GCC_PRECOMPILE_PREFIX_HEADER = YES;
				GCC_PREFIX_HEADER = "trashTalkers/trashTalkers-Prefix.pch";
				GCC_PREPROCESSOR_DEFINITIONS = (
					"DEBUG=1",
					"$(inherited)",
				);
				INFOPLIST_FILE = "trashTalkersTests/trashTalkersTests-Info.plist";
				PRODUCT_NAME = "$(TARGET_NAME)";
				TEST_HOST = "$(BUNDLE_LOADER)";
				WRAPPER_EXTENSION = xctest;
			};
			name = Debug;
		};
		3E5B8713183711870017E2BE /* Release */ = {
			isa = XCBuildConfiguration;
			buildSettings = {
				ARCHS = "$(ARCHS_STANDARD_INCLUDING_64_BIT)";
				BUNDLE_LOADER = "$(BUILT_PRODUCTS_DIR)/trashTalkers.app/trashTalkers";
				FRAMEWORK_SEARCH_PATHS = (
					"$(SDKROOT)/Developer/Library/Frameworks",
					"$(inherited)",
					"$(DEVELOPER_FRAMEWORKS_DIR)",
				);
				GCC_PRECOMPILE_PREFIX_HEADER = YES;
				GCC_PREFIX_HEADER = "trashTalkers/trashTalkers-Prefix.pch";
				INFOPLIST_FILE = "trashTalkersTests/trashTalkersTests-Info.plist";
				PRODUCT_NAME = "$(TARGET_NAME)";
				TEST_HOST = "$(BUNDLE_LOADER)";
				WRAPPER_EXTENSION = xctest;
			};
			name = Release;
		};
/* End XCBuildConfiguration section */

/* Begin XCConfigurationList section */
		3E5B86D7183711870017E2BE /* Build configuration list for PBXProject "trashTalkers" */ = {
			isa = XCConfigurationList;
			buildConfigurations = (
				3E5B870C183711870017E2BE /* Debug */,
				3E5B870D183711870017E2BE /* Release */,
			);
			defaultConfigurationIsVisible = 0;
			defaultConfigurationName = Release;
		};
		3E5B870E183711870017E2BE /* Build configuration list for PBXNativeTarget "trashTalkers" */ = {
			isa = XCConfigurationList;
			buildConfigurations = (
				3E5B870F183711870017E2BE /* Debug */,
				3E5B8710183711870017E2BE /* Release */,
			);
			defaultConfigurationIsVisible = 0;
			defaultConfigurationName = Release;
		};
		3E5B8711183711870017E2BE /* Build configuration list for PBXNativeTarget "trashTalkersTests" */ = {
			isa = XCConfigurationList;
			buildConfigurations = (
				3E5B8712183711870017E2BE /* Debug */,
				3E5B8713183711870017E2BE /* Release */,
			);
			defaultConfigurationIsVisible = 0;
			defaultConfigurationName = Release;
		};
/* End XCConfigurationList section */
	};
	rootObject = 3E5B86D4183711870017E2BE /* Project object */;
}
